
Microsoft Visual Studio Solution File, Format Version 12.00
# Visual Studio Version 16
VisualStudioVersion = 16.0.30406.217
MinimumVisualStudioVersion = 10.0.40219.1
Project("{FAE04EC0-301F-11D3-BF4B-00C04F79EFBC}") = "RWLayout", "RWLayout\RWLayout.csproj", "{859869AF-24C5-4ABA-A111-F95A794ED7A3}"
EndProject
Project("{FAE04EC0-301F-11D3-BF4B-00C04F79EFBC}") = "RWLayoutMod", "RWLayoutMod\RWLayoutMod.csproj", "{120E555E-8B0C-4AAE-8FEF-7A9E643DC0FB}"
EndProject
Project("{911E67C6-3D85-4FCE-B560-20A9C3E3FF48}") = "RimWorldWin64", "..\..\..\RimWorldWin64.exe", "{22771E56-F35D-495E-9646-9E117ECE5689}"
	ProjectSection(DebuggerProjectSystem) = preProject
		PortSupplier = 00000000-0000-0000-0000-000000000000
		Executable = D:\Program Files (x86)\Steam\steamapps\common\RimWorld\RimWorldWin64.exe
		RemoteMachine = ORION
		StartingDirectory = D:\Program Files (x86)\Steam\steamapps\common\RimWorld
		Environment = dnspy_unity_dbg2=--debugger-agent=transport=dt_socket,server=y,address=127.0.0.1:56000,suspend=y,no-hide-debugger	
		LaunchingEngine = 00000000-0000-0000-0000-000000000000
		UseLegacyDebugEngines = No
		LaunchSQLEngine = No
		AttachLaunchAction = No
	EndProjectSection
EndProject
Global
	GlobalSection(SolutionConfigurationPlatforms) = preSolution
		Debug|Any CPU = Debug|Any CPU
		Debug|x64 = Debug|x64
		Release|Any CPU = Release|Any CPU
		Release|x64 = Release|x64
	EndGlobalSection
	GlobalSection(ProjectConfigurationPlatforms) = postSolution
		{859869AF-24C5-4ABA-A111-F95A794ED7A3}.Debug|Any CPU.ActiveCfg = Debug|Any CPU
		{859869AF-24C5-4ABA-A111-F95A794ED7A3}.Debug|Any CPU.Build.0 = Debug|Any CPU
		{859869AF-24C5-4ABA-A111-F95A794ED7A3}.Debug|x64.ActiveCfg = Debug|Any CPU
		{859869AF-24C5-4ABA-A111-F95A794ED7A3}.Debug|x64.Build.0 = Debug|Any CPU
		{859869AF-24C5-4ABA-A111-F95A794ED7A3}.Release|Any CPU.ActiveCfg = Release|Any CPU
		{859869AF-24C5-4ABA-A111-F95A794ED7A3}.Release|Any CPU.Build.0 = Release|Any CPU
		{859869AF-24C5-4ABA-A111-F95A794ED7A3}.Release|x64.ActiveCfg = Release|Any CPU
		{859869AF-24C5-4ABA-A111-F95A794ED7A3}.Release|x64.Build.0 = Release|Any CPU
		{120E555E-8B0C-4AAE-8FEF-7A9E643DC0FB}.Debug|Any CPU.ActiveCfg = Debug|Any CPU
		{120E555E-8B0C-4AAE-8FEF-7A9E643DC0FB}.Debug|Any CPU.Build.0 = Debug|Any CPU
		{120E555E-8B0C-4AAE-8FEF-7A9E643DC0FB}.Debug|x64.ActiveCfg = Debug|Any CPU
		{120E555E-8B0C-4AAE-8FEF-7A9E643DC0FB}.Debug|x64.Build.0 = Debug|Any CPU
		{120E555E-8B0C-4AAE-8FEF-7A9E643DC0FB}.Release|Any CPU.ActiveCfg = Release|Any CPU
		{120E555E-8B0C-4AAE-8FEF-7A9E643DC0FB}.Release|Any CPU.Build.0 = Release|Any CPU
		{120E555E-8B0C-4AAE-8FEF-7A9E643DC0FB}.Release|x64.ActiveCfg = Release|Any CPU
		{120E555E-8B0C-4AAE-8FEF-7A9E643DC0FB}.Release|x64.Build.0 = Release|Any CPU
		{22771E56-F35D-495E-9646-9E117ECE5689}.Debug|Any CPU.ActiveCfg = Release|x64
		{22771E56-F35D-495E-9646-9E117ECE5689}.Debug|x64.ActiveCfg = Release|x64
		{22771E56-F35D-495E-9646-9E117ECE5689}.Release|Any CPU.ActiveCfg = Release|x64
		{22771E56-F35D-495E-9646-9E117ECE5689}.Release|x64.ActiveCfg = Release|x64
	EndGlobalSection
	GlobalSection(SolutionProperties) = preSolution
		HideSolutionNode = FALSE
	EndGlobalSection
	GlobalSection(ExtensibilityGlobals) = postSolution
		SolutionGuid = {19A247F3-2F64-4717-B184-52A5591AD785}
	EndGlobalSection
EndGlobal
